// !$*UTF8*$!
{
	archiveVersion = 1;
	classes = {
	};
	objectVersion = 46;
	objects = {

/* Begin PBXBuildFile section */
		85328F4D1C0EE20F00581750 /* main.m in Sources */ = {isa = PBXBuildFile; fileRef = 85328F4C1C0EE20F00581750 /* main.m */; };
		85328F501C0EE20F00581750 /* AppDelegate.m in Sources */ = {isa = PBXBuildFile; fileRef = 85328F4F1C0EE20F00581750 /* AppDelegate.m */; };
		85328F531C0EE20F00581750 /* ViewController.m in Sources */ = {isa = PBXBuildFile; fileRef = 85328F521C0EE20F00581750 /* ViewController.m */; };
		85328F561C0EE20F00581750 /* Main.storyboard in Resources */ = {isa = PBXBuildFile; fileRef = 85328F541C0EE20F00581750 /* Main.storyboard */; };
		85328F581C0EE20F00581750 /* Assets.xcassets in Resources */ = {isa = PBXBuildFile; fileRef = 85328F571C0EE20F00581750 /* Assets.xcassets */; };
		85328F5B1C0EE20F00581750 /* LaunchScreen.storyboard in Resources */ = {isa = PBXBuildFile; fileRef = 85328F591C0EE20F00581750 /* LaunchScreen.storyboard */; };
		85328F841C0EE22E00581750 /* MKAnnotationView+WebCache.m in Sources */ = {isa = PBXBuildFile; fileRef = 85328F641C0EE22E00581750 /* MKAnnotationView+WebCache.m */; };
		85328F851C0EE22E00581750 /* NSData+ImageContentType.m in Sources */ = {isa = PBXBuildFile; fileRef = 85328F661C0EE22E00581750 /* NSData+ImageContentType.m */; };
		85328F861C0EE22E00581750 /* SDImageCache.m in Sources */ = {isa = PBXBuildFile; fileRef = 85328F681C0EE22E00581750 /* SDImageCache.m */; };
		85328F871C0EE22E00581750 /* SDWebImageCompat.m in Sources */ = {isa = PBXBuildFile; fileRef = 85328F6A1C0EE22E00581750 /* SDWebImageCompat.m */; };
		85328F881C0EE22E00581750 /* SDWebImageDecoder.m in Sources */ = {isa = PBXBuildFile; fileRef = 85328F6C1C0EE22E00581750 /* SDWebImageDecoder.m */; };
		85328F891C0EE22E00581750 /* SDWebImageDownloader.m in Sources */ = {isa = PBXBuildFile; fileRef = 85328F6E1C0EE22E00581750 /* SDWebImageDownloader.m */; };
		85328F8A1C0EE22E00581750 /* SDWebImageDownloaderOperation.m in Sources */ = {isa = PBXBuildFile; fileRef = 85328F701C0EE22E00581750 /* SDWebImageDownloaderOperation.m */; };
		85328F8B1C0EE22E00581750 /* SDWebImageManager.m in Sources */ = {isa = PBXBuildFile; fileRef = 85328F721C0EE22E00581750 /* SDWebImageManager.m */; };
		85328F8C1C0EE22E00581750 /* SDWebImagePrefetcher.m in Sources */ = {isa = PBXBuildFile; fileRef = 85328F751C0EE22E00581750 /* SDWebImagePrefetcher.m */; };
		85328F8D1C0EE22E00581750 /* UIButton+WebCache.m in Sources */ = {isa = PBXBuildFile; fileRef = 85328F771C0EE22E00581750 /* UIButton+WebCache.m */; };
		85328F8E1C0EE22E00581750 /* UIImage+GIF.m in Sources */ = {isa = PBXBuildFile; fileRef = 85328F791C0EE22E00581750 /* UIImage+GIF.m */; };
		85328F8F1C0EE22E00581750 /* UIImage+MultiFormat.m in Sources */ = {isa = PBXBuildFile; fileRef = 85328F7B1C0EE22E00581750 /* UIImage+MultiFormat.m */; };
		85328F901C0EE22E00581750 /* UIImage+WebP.m in Sources */ = {isa = PBXBuildFile; fileRef = 85328F7D1C0EE22E00581750 /* UIImage+WebP.m */; };
		85328F911C0EE22E00581750 /* UIImageView+HighlightedWebCache.m in Sources */ = {isa = PBXBuildFile; fileRef = 85328F7F1C0EE22E00581750 /* UIImageView+HighlightedWebCache.m */; };
		85328F921C0EE22E00581750 /* UIImageView+WebCache.m in Sources */ = {isa = PBXBuildFile; fileRef = 85328F811C0EE22E00581750 /* UIImageView+WebCache.m */; };
		85328F931C0EE22E00581750 /* UIView+WebCacheOperation.m in Sources */ = {isa = PBXBuildFile; fileRef = 85328F831C0EE22E00581750 /* UIView+WebCacheOperation.m */; };
		85328F951C0EE23900581750 /* ImageIO.framework in Frameworks */ = {isa = PBXBuildFile; fileRef = 85328F941C0EE23900581750 /* ImageIO.framework */; };
		85328F9A1C0EE24800581750 /* UIImage+WebP.m in Sources */ = {isa = PBXBuildFile; fileRef = 85328F981C0EE24800581750 /* UIImage+WebP.m */; };
		85328F9B1C0EE24800581750 /* WebP.framework in Frameworks */ = {isa = PBXBuildFile; fileRef = 85328F991C0EE24800581750 /* WebP.framework */; };
/* End PBXBuildFile section */

/* Begin PBXFileReference section */
		85328F481C0EE20F00581750 /* Test.app */ = {isa = PBXFileReference; explicitFileType = wrapper.application; includeInIndex = 0; path = Test.app; sourceTree = BUILT_PRODUCTS_DIR; };
		85328F4C1C0EE20F00581750 /* main.m */ = {isa = PBXFileReference; lastKnownFileType = sourcecode.c.objc; path = main.m; sourceTree = "<group>"; };
		85328F4E1C0EE20F00581750 /* AppDelegate.h */ = {isa = PBXFileReference; lastKnownFileType = sourcecode.c.h; path = AppDelegate.h; sourceTree = "<group>"; };
		85328F4F1C0EE20F00581750 /* AppDelegate.m */ = {isa = PBXFileReference; lastKnownFileType = sourcecode.c.objc; path = AppDelegate.m; sourceTree = "<group>"; };
		85328F511C0EE20F00581750 /* ViewController.h */ = {isa = PBXFileReference; lastKnownFileType = sourcecode.c.h; path = ViewController.h; sourceTree = "<group>"; };
		85328F521C0EE20F00581750 /* ViewController.m */ = {isa = PBXFileReference; lastKnownFileType = sourcecode.c.objc; path = ViewController.m; sourceTree = "<group>"; };
		85328F551C0EE20F00581750 /* Base */ = {isa = PBXFileReference; lastKnownFileType = file.storyboard; name = Base; path = Base.lproj/Main.storyboard; sourceTree = "<group>"; };
		85328F571C0EE20F00581750 /* Assets.xcassets */ = {isa = PBXFileReference; lastKnownFileType = folder.assetcatalog; path = Assets.xcassets; sourceTree = "<group>"; };
		85328F5A1C0EE20F00581750 /* Base */ = {isa = PBXFileReference; lastKnownFileType = file.storyboard; name = Base; path = Base.lproj/LaunchScreen.storyboard; sourceTree = "<group>"; };
		85328F5C1C0EE20F00581750 /* Info.plist */ = {isa = PBXFileReference; lastKnownFileType = text.plist.xml; path = Info.plist; sourceTree = "<group>"; };
		85328F631C0EE22E00581750 /* MKAnnotationView+WebCache.h */ = {isa = PBXFileReference; fileEncoding = 4; lastKnownFileType = sourcecode.c.h; path = "MKAnnotationView+WebCache.h"; sourceTree = "<group>"; };
		85328F641C0EE22E00581750 /* MKAnnotationView+WebCache.m */ = {isa = PBXFileReference; fileEncoding = 4; lastKnownFileType = sourcecode.c.objc; path = "MKAnnotationView+WebCache.m"; sourceTree = "<group>"; };
		85328F651C0EE22E00581750 /* NSData+ImageContentType.h */ = {isa = PBXFileReference; fileEncoding = 4; lastKnownFileType = sourcecode.c.h; path = "NSData+ImageContentType.h"; sourceTree = "<group>"; };
		85328F661C0EE22E00581750 /* NSData+ImageContentType.m */ = {isa = PBXFileReference; fileEncoding = 4; lastKnownFileType = sourcecode.c.objc; path = "NSData+ImageContentType.m"; sourceTree = "<group>"; };
		85328F671C0EE22E00581750 /* SDImageCache.h */ = {isa = PBXFileReference; fileEncoding = 4; lastKnownFileType = sourcecode.c.h; path = SDImageCache.h; sourceTree = "<group>"; };
		85328F681C0EE22E00581750 /* SDImageCache.m */ = {isa = PBXFileReference; fileEncoding = 4; lastKnownFileType = sourcecode.c.objc; path = SDImageCache.m; sourceTree = "<group>"; };
		85328F691C0EE22E00581750 /* SDWebImageCompat.h */ = {isa = PBXFileReference; fileEncoding = 4; lastKnownFileType = sourcecode.c.h; path = SDWebImageCompat.h; sourceTree = "<group>"; };
		85328F6A1C0EE22E00581750 /* SDWebImageCompat.m */ = {isa = PBXFileReference; fileEncoding = 4; lastKnownFileType = sourcecode.c.objc; path = SDWebImageCompat.m; sourceTree = "<group>"; };
		85328F6B1C0EE22E00581750 /* SDWebImageDecoder.h */ = {isa = PBXFileReference; fileEncoding = 4; lastKnownFileType = sourcecode.c.h; path = SDWebImageDecoder.h; sourceTree = "<group>"; };
		85328F6C1C0EE22E00581750 /* SDWebImageDecoder.m */ = {isa = PBXFileReference; fileEncoding = 4; lastKnownFileType = sourcecode.c.objc; path = SDWebImageDecoder.m; sourceTree = "<group>"; };
		85328F6D1C0EE22E00581750 /* SDWebImageDownloader.h */ = {isa = PBXFileReference; fileEncoding = 4; lastKnownFileType = sourcecode.c.h; path = SDWebImageDownloader.h; sourceTree = "<group>"; };
		85328F6E1C0EE22E00581750 /* SDWebImageDownloader.m */ = {isa = PBXFileReference; fileEncoding = 4; lastKnownFileType = sourcecode.c.objc; path = SDWebImageDownloader.m; sourceTree = "<group>"; };
		85328F6F1C0EE22E00581750 /* SDWebImageDownloaderOperation.h */ = {isa = PBXFileReference; fileEncoding = 4; lastKnownFileType = sourcecode.c.h; path = SDWebImageDownloaderOperation.h; sourceTree = "<group>"; };
		85328F701C0EE22E00581750 /* SDWebImageDownloaderOperation.m */ = {isa = PBXFileReference; fileEncoding = 4; lastKnownFileType = sourcecode.c.objc; path = SDWebImageDownloaderOperation.m; sourceTree = "<group>"; };
		85328F711C0EE22E00581750 /* SDWebImageManager.h */ = {isa = PBXFileReference; fileEncoding = 4; lastKnownFileType = sourcecode.c.h; path = SDWebImageManager.h; sourceTree = "<group>"; };
		85328F721C0EE22E00581750 /* SDWebImageManager.m */ = {isa = PBXFileReference; fileEncoding = 4; lastKnownFileType = sourcecode.c.objc; path = SDWebImageManager.m; sourceTree = "<group>"; };
		85328F731C0EE22E00581750 /* SDWebImageOperation.h */ = {isa = PBXFileReference; fileEncoding = 4; lastKnownFileType = sourcecode.c.h; path = SDWebImageOperation.h; sourceTree = "<group>"; };
		85328F741C0EE22E00581750 /* SDWebImagePrefetcher.h */ = {isa = PBXFileReference; fileEncoding = 4; lastKnownFileType = sourcecode.c.h; path = SDWebImagePrefetcher.h; sourceTree = "<group>"; };
		85328F751C0EE22E00581750 /* SDWebImagePrefetcher.m */ = {isa = PBXFileReference; fileEncoding = 4; lastKnownFileType = sourcecode.c.objc; path = SDWebImagePrefetcher.m; sourceTree = "<group>"; };
		85328F761C0EE22E00581750 /* UIButton+WebCache.h */ = {isa = PBXFileReference; fileEncoding = 4; lastKnownFileType = sourcecode.c.h; path = "UIButton+WebCache.h"; sourceTree = "<group>"; };
		85328F771C0EE22E00581750 /* UIButton+WebCache.m */ = {isa = PBXFileReference; fileEncoding = 4; lastKnownFileType = sourcecode.c.objc; path = "UIButton+WebCache.m"; sourceTree = "<group>"; };
		85328F781C0EE22E00581750 /* UIImage+GIF.h */ = {isa = PBXFileReference; fileEncoding = 4; lastKnownFileType = sourcecode.c.h; path = "UIImage+GIF.h"; sourceTree = "<group>"; };
		85328F791C0EE22E00581750 /* UIImage+GIF.m */ = {isa = PBXFileReference; fileEncoding = 4; lastKnownFileType = sourcecode.c.objc; path = "UIImage+GIF.m"; sourceTree = "<group>"; };
		85328F7A1C0EE22E00581750 /* UIImage+MultiFormat.h */ = {isa = PBXFileReference; fileEncoding = 4; lastKnownFileType = sourcecode.c.h; path = "UIImage+MultiFormat.h"; sourceTree = "<group>"; };
		85328F7B1C0EE22E00581750 /* UIImage+MultiFormat.m */ = {isa = PBXFileReference; fileEncoding = 4; lastKnownFileType = sourcecode.c.objc; path = "UIImage+MultiFormat.m"; sourceTree = "<group>"; };
		85328F7C1C0EE22E00581750 /* UIImage+WebP.h */ = {isa = PBXFileReference; fileEncoding = 4; lastKnownFileType = sourcecode.c.h; path = "UIImage+WebP.h"; sourceTree = "<group>"; };
		85328F7D1C0EE22E00581750 /* UIImage+WebP.m */ = {isa = PBXFileReference; fileEncoding = 4; lastKnownFileType = sourcecode.c.objc; path = "UIImage+WebP.m"; sourceTree = "<group>"; };
		85328F7E1C0EE22E00581750 /* UIImageView+HighlightedWebCache.h */ = {isa = PBXFileReference; fileEncoding = 4; lastKnownFileType = sourcecode.c.h; path = "UIImageView+HighlightedWebCache.h"; sourceTree = "<group>"; };
		85328F7F1C0EE22E00581750 /* UIImageView+HighlightedWebCache.m */ = {isa = PBXFileReference; fileEncoding = 4; lastKnownFileType = sourcecode.c.objc; path = "UIImageView+HighlightedWebCache.m"; sourceTree = "<group>"; };
		85328F801C0EE22E00581750 /* UIImageView+WebCache.h */ = {isa = PBXFileReference; fileEncoding = 4; lastKnownFileType = sourcecode.c.h; path = "UIImageView+WebCache.h"; sourceTree = "<group>"; };
		85328F811C0EE22E00581750 /* UIImageView+WebCache.m */ = {isa = PBXFileReference; fileEncoding = 4; lastKnownFileType = sourcecode.c.objc; path = "UIImageView+WebCache.m"; sourceTree = "<group>"; };
		85328F821C0EE22E00581750 /* UIView+WebCacheOperation.h */ = {isa = PBXFileReference; fileEncoding = 4; lastKnownFileType = sourcecode.c.h; path = "UIView+WebCacheOperation.h"; sourceTree = "<group>"; };
		85328F831C0EE22E00581750 /* UIView+WebCacheOperation.m */ = {isa = PBXFileReference; fileEncoding = 4; lastKnownFileType = sourcecode.c.objc; path = "UIView+WebCacheOperation.m"; sourceTree = "<group>"; };
		85328F941C0EE23900581750 /* ImageIO.framework */ = {isa = PBXFileReference; lastKnownFileType = wrapper.framework; name = ImageIO.framework; path = System/Library/Frameworks/ImageIO.framework; sourceTree = SDKROOT; };
		85328F971C0EE24800581750 /* UIImage+WebP.h */ = {isa = PBXFileReference; fileEncoding = 4; lastKnownFileType = sourcecode.c.h; path = "UIImage+WebP.h"; sourceTree = "<group>"; };
		85328F981C0EE24800581750 /* UIImage+WebP.m */ = {isa = PBXFileReference; fileEncoding = 4; lastKnownFileType = sourcecode.c.objc; path = "UIImage+WebP.m"; sourceTree = "<group>"; };
		85328F991C0EE24800581750 /* WebP.framework */ = {isa = PBXFileReference; lastKnownFileType = wrapper.framework; path = WebP.framework; sourceTree = "<group>"; };
/* End PBXFileReference section */

/* Begin PBXFrameworksBuildPhase section */
		85328F451C0EE20F00581750 /* Frameworks */ = {
			isa = PBXFrameworksBuildPhase;
			buildActionMask = 2147483647;
			files = (
				85328F9B1C0EE24800581750 /* WebP.framework in Frameworks */,
				85328F951C0EE23900581750 /* ImageIO.framework in Frameworks */,
			);
			runOnlyForDeploymentPostprocessing = 0;
		};
/* End PBXFrameworksBuildPhase section */

/* Begin PBXGroup section */
		85328F3F1C0EE20F00581750 = {
			isa = PBXGroup;
			children = (
				85328F941C0EE23900581750 /* ImageIO.framework */,
				85328F4A1C0EE20F00581750 /* Test */,
				85328F491C0EE20F00581750 /* Products */,
			);
			sourceTree = "<group>";
		};
		85328F491C0EE20F00581750 /* Products */ = {
			isa = PBXGroup;
			children = (
				85328F481C0EE20F00581750 /* Test.app */,
			);
			name = Products;
			sourceTree = "<group>";
		};
		85328F4A1C0EE20F00581750 /* Test */ = {
			isa = PBXGroup;
			children = (
				85328F961C0EE24800581750 /* iOS-WebP */,
				85328F621C0EE22E00581750 /* SDWebImage */,
				85328F4E1C0EE20F00581750 /* AppDelegate.h */,
				85328F4F1C0EE20F00581750 /* AppDelegate.m */,
				85328F511C0EE20F00581750 /* ViewController.h */,
				85328F521C0EE20F00581750 /* ViewController.m */,
				85328F541C0EE20F00581750 /* Main.storyboard */,
				85328F571C0EE20F00581750 /* Assets.xcassets */,
				85328F591C0EE20F00581750 /* LaunchScreen.storyboard */,
				85328F5C1C0EE20F00581750 /* Info.plist */,
				85328F4B1C0EE20F00581750 /* Supporting Files */,
			);
			path = Test;
			sourceTree = "<group>";
		};
		85328F4B1C0EE20F00581750 /* Supporting Files */ = {
			isa = PBXGroup;
			children = (
				85328F4C1C0EE20F00581750 /* main.m */,
			);
			name = "Supporting Files";
			sourceTree = "<group>";
		};
		85328F621C0EE22E00581750 /* SDWebImage */ = {
			isa = PBXGroup;
			children = (
				85328F631C0EE22E00581750 /* MKAnnotationView+WebCache.h */,
				85328F641C0EE22E00581750 /* MKAnnotationView+WebCache.m */,
				85328F651C0EE22E00581750 /* NSData+ImageContentType.h */,
				85328F661C0EE22E00581750 /* NSData+ImageContentType.m */,
				85328F671C0EE22E00581750 /* SDImageCache.h */,
				85328F681C0EE22E00581750 /* SDImageCache.m */,
				85328F691C0EE22E00581750 /* SDWebImageCompat.h */,
				85328F6A1C0EE22E00581750 /* SDWebImageCompat.m */,
				85328F6B1C0EE22E00581750 /* SDWebImageDecoder.h */,
				85328F6C1C0EE22E00581750 /* SDWebImageDecoder.m */,
				85328F6D1C0EE22E00581750 /* SDWebImageDownloader.h */,
				85328F6E1C0EE22E00581750 /* SDWebImageDownloader.m */,
				85328F6F1C0EE22E00581750 /* SDWebImageDownloaderOperation.h */,
				85328F701C0EE22E00581750 /* SDWebImageDownloaderOperation.m */,
				85328F711C0EE22E00581750 /* SDWebImageManager.h */,
				85328F721C0EE22E00581750 /* SDWebImageManager.m */,
				85328F731C0EE22E00581750 /* SDWebImageOperation.h */,
				85328F741C0EE22E00581750 /* SDWebImagePrefetcher.h */,
				85328F751C0EE22E00581750 /* SDWebImagePrefetcher.m */,
				85328F761C0EE22E00581750 /* UIButton+WebCache.h */,
				85328F771C0EE22E00581750 /* UIButton+WebCache.m */,
				85328F781C0EE22E00581750 /* UIImage+GIF.h */,
				85328F791C0EE22E00581750 /* UIImage+GIF.m */,
				85328F7A1C0EE22E00581750 /* UIImage+MultiFormat.h */,
				85328F7B1C0EE22E00581750 /* UIImage+MultiFormat.m */,
				85328F7C1C0EE22E00581750 /* UIImage+WebP.h */,
				85328F7D1C0EE22E00581750 /* UIImage+WebP.m */,
				85328F7E1C0EE22E00581750 /* UIImageView+HighlightedWebCache.h */,
				85328F7F1C0EE22E00581750 /* UIImageView+HighlightedWebCache.m */,
				85328F801C0EE22E00581750 /* UIImageView+WebCache.h */,
				85328F811C0EE22E00581750 /* UIImageView+WebCache.m */,
				85328F821C0EE22E00581750 /* UIView+WebCacheOperation.h */,
				85328F831C0EE22E00581750 /* UIView+WebCacheOperation.m */,
			);
			path = SDWebImage;
			sourceTree = "<group>";
		};
		85328F961C0EE24800581750 /* iOS-WebP */ = {
			isa = PBXGroup;
			children = (
				85328F971C0EE24800581750 /* UIImage+WebP.h */,
				85328F981C0EE24800581750 /* UIImage+WebP.m */,
				85328F991C0EE24800581750 /* WebP.framework */,
			);
			path = "iOS-WebP";
			sourceTree = "<group>";
		};
/* End PBXGroup section */

/* Begin PBXNativeTarget section */
		85328F471C0EE20F00581750 /* Test */ = {
			isa = PBXNativeTarget;
			buildConfigurationList = 85328F5F1C0EE20F00581750 /* Build configuration list for PBXNativeTarget "Test" */;
			buildPhases = (
				85328F441C0EE20F00581750 /* Sources */,
				85328F451C0EE20F00581750 /* Frameworks */,
				85328F461C0EE20F00581750 /* Resources */,
			);
			buildRules = (
			);
			dependencies = (
			);
			name = Test;
			productName = Test;
			productReference = 85328F481C0EE20F00581750 /* Test.app */;
			productType = "com.apple.product-type.application";
		};
/* End PBXNativeTarget section */

/* Begin PBXProject section */
		85328F401C0EE20F00581750 /* Project object */ = {
			isa = PBXProject;
			attributes = {
				LastUpgradeCheck = 0710;
				ORGANIZATIONNAME = bozhi;
				TargetAttributes = {
					85328F471C0EE20F00581750 = {
						CreatedOnToolsVersion = 7.1.1;
					};
				};
			};
			buildConfigurationList = 85328F431C0EE20F00581750 /* Build configuration list for PBXProject "Test" */;
			compatibilityVersion = "Xcode 3.2";
			developmentRegion = English;
			hasScannedForEncodings = 0;
			knownRegions = (
				en,
				Base,
			);
			mainGroup = 85328F3F1C0EE20F00581750;
			productRefGroup = 85328F491C0EE20F00581750 /* Products */;
			projectDirPath = "";
			projectRoot = "";
			targets = (
				85328F471C0EE20F00581750 /* Test */,
			);
		};
/* End PBXProject section */

/* Begin PBXResourcesBuildPhase section */
		85328F461C0EE20F00581750 /* Resources */ = {
			isa = PBXResourcesBuildPhase;
			buildActionMask = 2147483647;
			files = (
				85328F5B1C0EE20F00581750 /* LaunchScreen.storyboard in Resources */,
				85328F581C0EE20F00581750 /* Assets.xcassets in Resources */,
				85328F561C0EE20F00581750 /* Main.storyboard in Resources */,
			);
			runOnlyForDeploymentPostprocessing = 0;
		};
/* End PBXResourcesBuildPhase section */

/* Begin PBXSourcesBuildPhase section */
		85328F441C0EE20F00581750 /* Sources */ = {
			isa = PBXSourcesBuildPhase;
			buildActionMask = 2147483647;
			files = (
				85328F911C0EE22E00581750 /* UIImageView+HighlightedWebCache.m in Sources */,
				85328F851C0EE22E00581750 /* NSData+ImageContentType.m in Sources */,
				85328F8B1C0EE22E00581750 /* SDWebImageManager.m in Sources */,
				85328F891C0EE22E00581750 /* SDWebImageDownloader.m in Sources */,
				85328F901C0EE22E00581750 /* UIImage+WebP.m in Sources */,
				85328F931C0EE22E00581750 /* UIView+WebCacheOperation.m in Sources */,
				85328F861C0EE22E00581750 /* SDImageCache.m in Sources */,
				85328F9A1C0EE24800581750 /* UIImage+WebP.m in Sources */,
				85328F531C0EE20F00581750 /* ViewController.m in Sources */,
				85328F841C0EE22E00581750 /* MKAnnotationView+WebCache.m in Sources */,
				85328F881C0EE22E00581750 /* SDWebImageDecoder.m in Sources */,
				85328F8F1C0EE22E00581750 /* UIImage+MultiFormat.m in Sources */,
				85328F8A1C0EE22E00581750 /* SDWebImageDownloaderOperation.m in Sources */,
				85328F501C0EE20F00581750 /* AppDelegate.m in Sources */,
				85328F8D1C0EE22E00581750 /* UIButton+WebCache.m in Sources */,
				85328F8C1C0EE22E00581750 /* SDWebImagePrefetcher.m in Sources */,
				85328F921C0EE22E00581750 /* UIImageView+WebCache.m in Sources */,
				85328F871C0EE22E00581750 /* SDWebImageCompat.m in Sources */,
				85328F8E1C0EE22E00581750 /* UIImage+GIF.m in Sources */,
				85328F4D1C0EE20F00581750 /* main.m in Sources */,
			);
			runOnlyForDeploymentPostprocessing = 0;
		};
/* End PBXSourcesBuildPhase section */

/* Begin PBXVariantGroup section */
		85328F541C0EE20F00581750 /* Main.storyboard */ = {
			isa = PBXVariantGroup;
			children = (
				85328F551C0EE20F00581750 /* Base */,
			);
			name = Main.storyboard;
			sourceTree = "<group>";
		};
		85328F591C0EE20F00581750 /* LaunchScreen.storyboard */ = {
			isa = PBXVariantGroup;
			children = (
				85328F5A1C0EE20F00581750 /* Base */,
			);
			name = LaunchScreen.storyboard;
			sourceTree = "<group>";
		};
/* End PBXVariantGroup section */

/* Begin XCBuildConfiguration section */
		85328F5D1C0EE20F00581750 /* Debug */ = {
			isa = XCBuildConfiguration;
			buildSettings = {
				ALWAYS_SEARCH_USER_PATHS = NO;
				CLANG_CXX_LANGUAGE_STANDARD = "gnu++0x";
				CLANG_CXX_LIBRARY = "libc++";
				CLANG_ENABLE_MODULES = YES;
				CLANG_ENABLE_OBJC_ARC = YES;
				CLANG_WARN_BOOL_CONVERSION = YES;
				CLANG_WARN_CONSTANT_CONVERSION = YES;
				CLANG_WARN_DIRECT_OBJC_ISA_USAGE = YES_ERROR;
				CLANG_WARN_EMPTY_BODY = YES;
				CLANG_WARN_ENUM_CONVERSION = YES;
				CLANG_WARN_INT_CONVERSION = YES;
				CLANG_WARN_OBJC_ROOT_CLASS = YES_ERROR;
				CLANG_WARN_UNREACHABLE_CODE = YES;
				CLANG_WARN__DUPLICATE_METHOD_MATCH = YES;
				"CODE_SIGN_IDENTITY[sdk=iphoneos*]" = "iPhone Developer";
				COPY_PHASE_STRIP = NO;
				DEBUG_INFORMATION_FORMAT = dwarf;
				ENABLE_STRICT_OBJC_MSGSEND = YES;
				ENABLE_TESTABILITY = YES;
				GCC_C_LANGUAGE_STANDARD = gnu99;
				GCC_DYNAMIC_NO_PIC = NO;
				GCC_NO_COMMON_BLOCKS = YES;
				GCC_OPTIMIZATION_LEVEL = 0;
				GCC_PREPROCESSOR_DEFINITIONS = (
					"DEBUG=1",
					"$(inherited)",
				);
				GCC_WARN_64_TO_32_BIT_CONVERSION = YES;
				GCC_WARN_ABOUT_RETURN_TYPE = YES_ERROR;
				GCC_WARN_UNDECLARED_SELECTOR = YES;
				GCC_WARN_UNINITIALIZED_AUTOS = YES_AGGRESSIVE;
				GCC_WARN_UNUSED_FUNCTION = YES;
				GCC_WARN_UNUSED_VARIABLE = YES;
				IPHONEOS_DEPLOYMENT_TARGET = 9.1;
				MTL_ENABLE_DEBUG_INFO = YES;
				ONLY_ACTIVE_ARCH = YES;
				SDKROOT = iphoneos;
			};
			name = Debug;
		};
		85328F5E1C0EE20F00581750 /* Release */ = {
			isa = XCBuildConfiguration;
			buildSettings = {
				ALWAYS_SEARCH_USER_PATHS = NO;
				CLANG_CXX_LANGUAGE_STANDARD = "gnu++0x";
				CLANG_CXX_LIBRARY = "libc++";
				CLANG_ENABLE_MODULES = YES;
				CLANG_ENABLE_OBJC_ARC = YES;
				CLANG_WARN_BOOL_CONVERSION = YES;
				CLANG_WARN_CONSTANT_CONVERSION = YES;
				CLANG_WARN_DIRECT_OBJC_ISA_USAGE = YES_ERROR;
				CLANG_WARN_EMPTY_BODY = YES;
				CLANG_WARN_ENUM_CONVERSION = YES;
				CLANG_WARN_INT_CONVERSION = YES;
				CLANG_WARN_OBJC_ROOT_CLASS = YES_ERROR;
				CLANG_WARN_UNREACHABLE_CODE = YES;
				CLANG_WARN__DUPLICATE_METHOD_MATCH = YES;
				"CODE_SIGN_IDENTITY[sdk=iphoneos*]" = "iPhone Developer";
				COPY_PHASE_STRIP = NO;
				DEBUG_INFORMATION_FORMAT = "dwarf-with-dsym";
				ENABLE_NS_ASSERTIONS = NO;
				ENABLE_STRICT_OBJC_MSGSEND = YES;
				GCC_C_LANGUAGE_STANDARD = gnu99;
				GCC_NO_COMMON_BLOCKS = YES;
				GCC_WARN_64_TO_32_BIT_CONVERSION = YES;
				GCC_WARN_ABOUT_RETURN_TYPE = YES_ERROR;
				GCC_WARN_UNDECLARED_SELECTOR = YES;
				GCC_WARN_UNINITIALIZED_AUTOS = YES_AGGRESSIVE;
				GCC_WARN_UNUSED_FUNCTION = YES;
				GCC_WARN_UNUSED_VARIABLE = YES;
				IPHONEOS_DEPLOYMENT_TARGET = 9.1;
				MTL_ENABLE_DEBUG_INFO = NO;
				SDKROOT = iphoneos;
				VALIDATE_PRODUCT = YES;
			};
			name = Release;
		};
		85328F601C0EE20F00581750 /* Debug */ = {
			isa = XCBuildConfiguration;
			buildSettings = {
				ASSETCATALOG_COMPILER_APPICON_NAME = AppIcon;
				FRAMEWORK_SEARCH_PATHS = (
					"$(inherited)",
					"$(PROJECT_DIR)/Test/iOS-WebP",
				);
				GCC_PREPROCESSOR_DEFINITIONS = "SD_WEBP=1";
				INFOPLIST_FILE = Test/Info.plist;
				LD_RUNPATH_SEARCH_PATHS = "$(inherited) @executable_path/Frameworks";
				PRODUCT_BUNDLE_IDENTIFIER = com.zhibo.Test;
				PRODUCT_NAME = "$(TARGET_NAME)";
			};
			name = Debug;
		};
		85328F611C0EE20F00581750 /* Release */ = {
			isa = XCBuildConfiguration;
			buildSettings = {
				ASSETCATALOG_COMPILER_APPICON_NAME = AppIcon;
				FRAMEWORK_SEARCH_PATHS = (
					"$(inherited)",
					"$(PROJECT_DIR)/Test/iOS-WebP",
				);
				GCC_PREPROCESSOR_DEFINITIONS = "SD_WEBP=1";
				INFOPLIST_FILE = Test/Info.plist;
				LD_RUNPATH_SEARCH_PATHS = "$(inherited) @executable_path/Frameworks";
				PRODUCT_BUNDLE_IDENTIFIER = com.zhibo.Test;
				PRODUCT_NAME = "$(TARGET_NAME)";
			};
			name = Release;
		};
/* End XCBuildConfiguration section */

/* Begin XCConfigurationList section */
		85328F431C0EE20F00581750 /* Build configuration list for PBXProject "Test" */ = {
			isa = XCConfigurationList;
			buildConfigurations = (
				85328F5D1C0EE20F00581750 /* Debug */,
				85328F5E1C0EE20F00581750 /* Release */,
			);
			defaultConfigurationIsVisible = 0;
			defaultConfigurationName = Release;
		};
		85328F5F1C0EE20F00581750 /* Build configuration list for PBXNativeTarget "Test" */ = {
			isa = XCConfigurationList;
			buildConfigurations = (
				85328F601C0EE20F00581750 /* Debug */,
				85328F611C0EE20F00581750 /* Release */,
			);
			defaultConfigurationIsVisible = 0;
			defaultConfigurationName = Release;
		};
/* End XCConfigurationList section */
	};
	rootObject = 85328F401C0EE20F00581750 /* Project object */;
}
